# This file is automatically @generated by Poetry 1.5.4 and should not be changed by hand.

[[package]]
name = "west-map"
version = "2.2"
description = "current release"
optional = false
python-versions = "*"
files = [
    {file = "west_map-2.2.tar.gz", hash = "sha256:446859039faecb68d457c51fd56b2e43f1aab8018f81d21e90ccada6794822d5"},
]

[metadata]
lock-version = "2.0"
python-versions = ">=3.10.0,<3.12"
content-hash = "3c300c891c4a3c45d7e8ffe09d7bed7abf07a78c5cad4f6de4675f6067f29087"
